{
  "version": 4,
  "terraform_version": "1.2.6",
  "serial": 1466,
  "lineage": "5773e3c7-b14a-a0da-a89a-2c67c1ae4f1b",
  "outputs": {},
  "resources": [
    {
      "mode": "managed",
      "type": "aws_vpc",
      "name": "internet_vpc",
      "provider": "provider[\"registry.terraform.io/hashicorp/aws\"]",
      "instances": [
        {
          "schema_version": 1,
          "attributes": {
            "arn": "arn:aws:ec2:ap-southeast-2:780477232234:vpc/vpc-082d6be2f4f84c995",
            "assign_generated_ipv6_cidr_block": false,
            "cidr_block": "10.30.0.0/16",
            "default_network_acl_id": "acl-00e3081541db000c8",
            "default_route_table_id": "rtb-0c71ac1496e00d527",
            "default_security_group_id": "sg-0fd02b790d3e5c1bb",
            "dhcp_options_id": "dopt-01df28cf4b28ba4d5",
            "enable_classiclink": false,
            "enable_classiclink_dns_support": false,
            "enable_dns_hostnames": true,
            "enable_dns_support": true,
            "enable_network_address_usage_metrics": false,
            "id": "vpc-082d6be2f4f84c995",
            "instance_tenancy": "default",
            "ipv4_ipam_pool_id": null,
            "ipv4_netmask_length": null,
            "ipv6_association_id": "",
            "ipv6_cidr_block": "",
            "ipv6_cidr_block_network_border_group": "",
            "ipv6_ipam_pool_id": "",
            "ipv6_netmask_length": 0,
            "main_route_table_id": "rtb-0c71ac1496e00d527",
            "owner_id": "780477232234",
            "tags": {
              "Name": "Trend-Micro-TGW-Internet-VPC"
            },
            "tags_all": {
              "Name": "Trend-Micro-TGW-Internet-VPC"
            }
          },
          "sensitive_attributes": [],
          "private": "eyJzY2hlbWFfdmVyc2lvbiI6IjEifQ=="
        }
      ]
    },
    {
      "mode": "managed",
      "type": "aws_vpc_ipv4_cidr_block_association",
      "name": "egress_private_subnet",
      "provider": "provider[\"registry.terraform.io/hashicorp/aws\"]",
      "instances": [
        {
          "schema_version": 0,
          "attributes": {
            "cidr_block": "10.31.0.0/16",
            "id": "vpc-cidr-assoc-0dc0bc9af99462a2c",
            "ipv4_ipam_pool_id": null,
            "ipv4_netmask_length": null,
            "timeouts": null,
            "vpc_id": "vpc-082d6be2f4f84c995"
          },
          "sensitive_attributes": [],
          "private": "eyJlMmJmYjczMC1lY2FhLTExZTYtOGY4OC0zNDM2M2JjN2M0YzAiOnsiY3JlYXRlIjo2MDAwMDAwMDAwMDAsImRlbGV0ZSI6NjAwMDAwMDAwMDAwfX0=",
          "dependencies": [
            "aws_vpc.internet_vpc"
          ]
        }
      ]
    }
  ]
}
